
Microsoft Visual Studio Solution File, Format Version 12.00
# Visual Studio 15
VisualStudioVersion = 15.0.28307.779
MinimumVisualStudioVersion = 10.0.40219.1
Project("{FAE04EC0-301F-11D3-BF4B-00C04F79EFBC}") = "Log", "Log\Log.csproj", "{C00975A9-0CB2-480C-87EE-B5935A460FFA}"
EndProject
Global
	GlobalSection(SolutionConfigurationPlatforms) = preSolution
		Debug|Any CPU = Debug|Any CPU
		Release|Any CPU = Release|Any CPU
	EndGlobalSection
	GlobalSection(ProjectConfigurationPlatforms) = postSolution
		{C00975A9-0CB2-480C-87EE-B5935A460FFA}.Debug|Any CPU.ActiveCfg = Debug|Any CPU
		{C00975A9-0CB2-480C-87EE-B5935A460FFA}.Debug|Any CPU.Build.0 = Debug|Any CPU
		{C00975A9-0CB2-480C-87EE-B5935A460FFA}.Release|Any CPU.ActiveCfg = Release|Any CPU
		{C00975A9-0CB2-480C-87EE-B5935A460FFA}.Release|Any CPU.Build.0 = Release|Any CPU
	EndGlobalSection
	GlobalSection(SolutionProperties) = preSolution
		HideSolutionNode = FALSE
	EndGlobalSection
	GlobalSection(ExtensibilityGlobals) = postSolution
		SolutionGuid = {9123D36F-5BE7-475C-8A71-4B2E9710DFDD}
	EndGlobalSection
EndGlobal
